
Microsoft Visual Studio Solution File, Format Version 12.00
# Visual Studio 15
VisualStudioVersion = 15.0.26430.15
MinimumVisualStudioVersion = 10.0.40219.1
Project("{FAE04EC0-301F-11D3-BF4B-00C04F79EFBC}") = "PositionServer", "PositionServer\PositionServer.csproj", "{041B6AC1-28B0-4AF4-9DD0-947E584211C8}"
EndProject
Project("{FAE04EC0-301F-11D3-BF4B-00C04F79EFBC}") = "PositionServer.Interfaces", "PositionServer.Interfaces\PositionServer.Interfaces.csproj", "{EEA0A9C7-164E-45D1-A6C6-9B249FC2862C}"
EndProject
Project("{FAE04EC0-301F-11D3-BF4B-00C04F79EFBC}") = "PositionServer.Entities", "PositionServer.Entities\PositionServer.Entities.csproj", "{D2F61A72-3D2D-402D-9064-8ACD94316AE3}"
EndProject
Project("{FAE04EC0-301F-11D3-BF4B-00C04F79EFBC}") = "PositionServer.Repository", "PositionServer.Repository\PositionServer.Repository.csproj", "{C2BE9DE2-0EBF-4E55-8A95-FA1AADF43C53}"
EndProject
Global
	GlobalSection(SolutionConfigurationPlatforms) = preSolution
		Debug|Any CPU = Debug|Any CPU
		Release|Any CPU = Release|Any CPU
	EndGlobalSection
	GlobalSection(ProjectConfigurationPlatforms) = postSolution
		{041B6AC1-28B0-4AF4-9DD0-947E584211C8}.Debug|Any CPU.ActiveCfg = Debug|Any CPU
		{041B6AC1-28B0-4AF4-9DD0-947E584211C8}.Debug|Any CPU.Build.0 = Debug|Any CPU
		{041B6AC1-28B0-4AF4-9DD0-947E584211C8}.Release|Any CPU.ActiveCfg = Release|Any CPU
		{041B6AC1-28B0-4AF4-9DD0-947E584211C8}.Release|Any CPU.Build.0 = Release|Any CPU
		{EEA0A9C7-164E-45D1-A6C6-9B249FC2862C}.Debug|Any CPU.ActiveCfg = Debug|Any CPU
		{EEA0A9C7-164E-45D1-A6C6-9B249FC2862C}.Debug|Any CPU.Build.0 = Debug|Any CPU
		{EEA0A9C7-164E-45D1-A6C6-9B249FC2862C}.Release|Any CPU.ActiveCfg = Release|Any CPU
		{EEA0A9C7-164E-45D1-A6C6-9B249FC2862C}.Release|Any CPU.Build.0 = Release|Any CPU
		{D2F61A72-3D2D-402D-9064-8ACD94316AE3}.Debug|Any CPU.ActiveCfg = Debug|Any CPU
		{D2F61A72-3D2D-402D-9064-8ACD94316AE3}.Debug|Any CPU.Build.0 = Debug|Any CPU
		{D2F61A72-3D2D-402D-9064-8ACD94316AE3}.Release|Any CPU.ActiveCfg = Release|Any CPU
		{D2F61A72-3D2D-402D-9064-8ACD94316AE3}.Release|Any CPU.Build.0 = Release|Any CPU
		{C2BE9DE2-0EBF-4E55-8A95-FA1AADF43C53}.Debug|Any CPU.ActiveCfg = Debug|Any CPU
		{C2BE9DE2-0EBF-4E55-8A95-FA1AADF43C53}.Debug|Any CPU.Build.0 = Debug|Any CPU
		{C2BE9DE2-0EBF-4E55-8A95-FA1AADF43C53}.Release|Any CPU.ActiveCfg = Release|Any CPU
		{C2BE9DE2-0EBF-4E55-8A95-FA1AADF43C53}.Release|Any CPU.Build.0 = Release|Any CPU
	EndGlobalSection
	GlobalSection(SolutionProperties) = preSolution
		HideSolutionNode = FALSE
	EndGlobalSection
EndGlobal
